// !$*UTF8*$!
{
	archiveVersion = 1;
	classes = {
	};
	objectVersion = 46;
	objects = {

/* Begin PBXBuildFile section */
		67BECF0E4692FF702073DFB5 /* Pods_LiveWeatherApp.framework in Frameworks */ = {isa = PBXBuildFile; fileRef = 5B319F87C96453CA7A4B1330 /* Pods_LiveWeatherApp.framework */; settings = {ATTRIBUTES = (Required, ); }; };
		D21BCBC41DF1E05A00033146 /* WeatherViewCell.swift in Sources */ = {isa = PBXBuildFile; fileRef = D21BCBC31DF1E05A00033146 /* WeatherViewCell.swift */; };
		D21BCBC61DF1E7F000033146 /* AddZipViewController.swift in Sources */ = {isa = PBXBuildFile; fileRef = D21BCBC51DF1E7F000033146 /* AddZipViewController.swift */; };
		D291BB961DFDF2D200817B74 /* WeatherDatabase.swift in Sources */ = {isa = PBXBuildFile; fileRef = D291BB951DFDF2D200817B74 /* WeatherDatabase.swift */; };
		D2AAA8681DEE437F00EF9841 /* AppDelegate.swift in Sources */ = {isa = PBXBuildFile; fileRef = D2AAA8671DEE437F00EF9841 /* AppDelegate.swift */; };
		D2AAA86A1DEE437F00EF9841 /* ViewController.swift in Sources */ = {isa = PBXBuildFile; fileRef = D2AAA8691DEE437F00EF9841 /* ViewController.swift */; };
		D2AAA86D1DEE437F00EF9841 /* Main.storyboard in Resources */ = {isa = PBXBuildFile; fileRef = D2AAA86B1DEE437F00EF9841 /* Main.storyboard */; };
		D2AAA86F1DEE437F00EF9841 /* Assets.xcassets in Resources */ = {isa = PBXBuildFile; fileRef = D2AAA86E1DEE437F00EF9841 /* Assets.xcassets */; };
		D2AAA8721DEE437F00EF9841 /* LaunchScreen.storyboard in Resources */ = {isa = PBXBuildFile; fileRef = D2AAA8701DEE437F00EF9841 /* LaunchScreen.storyboard */; };
/* End PBXBuildFile section */

/* Begin PBXFileReference section */
		01BAAB5F2738AF669ABA319B /* Pods-LiveWeatherApp.release.xcconfig */ = {isa = PBXFileReference; includeInIndex = 1; lastKnownFileType = text.xcconfig; name = "Pods-LiveWeatherApp.release.xcconfig"; path = "Pods/Target Support Files/Pods-LiveWeatherApp/Pods-LiveWeatherApp.release.xcconfig"; sourceTree = "<group>"; };
		5B319F87C96453CA7A4B1330 /* Pods_LiveWeatherApp.framework */ = {isa = PBXFileReference; explicitFileType = wrapper.framework; includeInIndex = 0; path = Pods_LiveWeatherApp.framework; sourceTree = BUILT_PRODUCTS_DIR; };
		BF890B1D65AB00CF8371ED34 /* Pods-LiveWeatherApp.debug.xcconfig */ = {isa = PBXFileReference; includeInIndex = 1; lastKnownFileType = text.xcconfig; name = "Pods-LiveWeatherApp.debug.xcconfig"; path = "Pods/Target Support Files/Pods-LiveWeatherApp/Pods-LiveWeatherApp.debug.xcconfig"; sourceTree = "<group>"; };
		D21BCBC31DF1E05A00033146 /* WeatherViewCell.swift */ = {isa = PBXFileReference; fileEncoding = 4; lastKnownFileType = sourcecode.swift; path = WeatherViewCell.swift; sourceTree = "<group>"; };
		D21BCBC51DF1E7F000033146 /* AddZipViewController.swift */ = {isa = PBXFileReference; fileEncoding = 4; lastKnownFileType = sourcecode.swift; path = AddZipViewController.swift; sourceTree = "<group>"; };
		D291BB951DFDF2D200817B74 /* WeatherDatabase.swift */ = {isa = PBXFileReference; fileEncoding = 4; lastKnownFileType = sourcecode.swift; path = WeatherDatabase.swift; sourceTree = "<group>"; };
		D2AAA8641DEE437F00EF9841 /* LiveWeatherApp.app */ = {isa = PBXFileReference; explicitFileType = wrapper.application; includeInIndex = 0; path = LiveWeatherApp.app; sourceTree = BUILT_PRODUCTS_DIR; };
		D2AAA8671DEE437F00EF9841 /* AppDelegate.swift */ = {isa = PBXFileReference; lastKnownFileType = sourcecode.swift; path = AppDelegate.swift; sourceTree = "<group>"; };
		D2AAA8691DEE437F00EF9841 /* ViewController.swift */ = {isa = PBXFileReference; lastKnownFileType = sourcecode.swift; path = ViewController.swift; sourceTree = "<group>"; };
		D2AAA86C1DEE437F00EF9841 /* Base */ = {isa = PBXFileReference; lastKnownFileType = file.storyboard; name = Base; path = Base.lproj/Main.storyboard; sourceTree = "<group>"; };
		D2AAA86E1DEE437F00EF9841 /* Assets.xcassets */ = {isa = PBXFileReference; lastKnownFileType = folder.assetcatalog; path = Assets.xcassets; sourceTree = "<group>"; };
		D2AAA8711DEE437F00EF9841 /* Base */ = {isa = PBXFileReference; lastKnownFileType = file.storyboard; name = Base; path = Base.lproj/LaunchScreen.storyboard; sourceTree = "<group>"; };
		D2AAA8731DEE437F00EF9841 /* Info.plist */ = {isa = PBXFileReference; lastKnownFileType = text.plist.xml; path = Info.plist; sourceTree = "<group>"; };
		D2C6CD0F1DFCF5C90081C1C8 /* SQLite.framework */ = {isa = PBXFileReference; lastKnownFileType = wrapper.framework; name = SQLite.framework; path = "../../../../Library/Developer/Xcode/DerivedData/LiveWeatherApp-ckyfyvvlzswuzucegpgodpjrcmiq/Build/Products/Debug-iphonesimulator/SQLite.swift/SQLite.framework"; sourceTree = "<group>"; };
/* End PBXFileReference section */

/* Begin PBXFrameworksBuildPhase section */
		D2AAA8611DEE437F00EF9841 /* Frameworks */ = {
			isa = PBXFrameworksBuildPhase;
			buildActionMask = 2147483647;
			files = (
				67BECF0E4692FF702073DFB5 /* Pods_LiveWeatherApp.framework in Frameworks */,
			);
			runOnlyForDeploymentPostprocessing = 0;
		};
/* End PBXFrameworksBuildPhase section */

/* Begin PBXGroup section */
		5EDA49DA0EAAF7FCE7B1A50E /* Frameworks */ = {
			isa = PBXGroup;
			children = (
				D2C6CD0F1DFCF5C90081C1C8 /* SQLite.framework */,
				5B319F87C96453CA7A4B1330 /* Pods_LiveWeatherApp.framework */,
			);
			name = Frameworks;
			sourceTree = "<group>";
		};
		D2AAA85B1DEE437F00EF9841 = {
			isa = PBXGroup;
			children = (
				D2AAA8661DEE437F00EF9841 /* LiveWeatherApp */,
				D2AAA8651DEE437F00EF9841 /* Products */,
				EE9A22A3533A690F80459B7B /* Pods */,
				5EDA49DA0EAAF7FCE7B1A50E /* Frameworks */,
			);
			sourceTree = "<group>";
		};
		D2AAA8651DEE437F00EF9841 /* Products */ = {
			isa = PBXGroup;
			children = (
				D2AAA8641DEE437F00EF9841 /* LiveWeatherApp.app */,
			);
			name = Products;
			sourceTree = "<group>";
		};
		D2AAA8661DEE437F00EF9841 /* LiveWeatherApp */ = {
			isa = PBXGroup;
			children = (
				D2AAA8671DEE437F00EF9841 /* AppDelegate.swift */,
				D2AAA8691DEE437F00EF9841 /* ViewController.swift */,
				D2AAA86B1DEE437F00EF9841 /* Main.storyboard */,
				D2AAA86E1DEE437F00EF9841 /* Assets.xcassets */,
				D2AAA8701DEE437F00EF9841 /* LaunchScreen.storyboard */,
				D2AAA8731DEE437F00EF9841 /* Info.plist */,
				D21BCBC31DF1E05A00033146 /* WeatherViewCell.swift */,
				D21BCBC51DF1E7F000033146 /* AddZipViewController.swift */,
				D291BB951DFDF2D200817B74 /* WeatherDatabase.swift */,
			);
			path = LiveWeatherApp;
			sourceTree = "<group>";
		};
		EE9A22A3533A690F80459B7B /* Pods */ = {
			isa = PBXGroup;
			children = (
				BF890B1D65AB00CF8371ED34 /* Pods-LiveWeatherApp.debug.xcconfig */,
				01BAAB5F2738AF669ABA319B /* Pods-LiveWeatherApp.release.xcconfig */,
			);
			name = Pods;
			sourceTree = "<group>";
		};
/* End PBXGroup section */

/* Begin PBXNativeTarget section */
		D2AAA8631DEE437F00EF9841 /* LiveWeatherApp */ = {
			isa = PBXNativeTarget;
			buildConfigurationList = D2AAA8761DEE437F00EF9841 /* Build configuration list for PBXNativeTarget "LiveWeatherApp" */;
			buildPhases = (
				C2C6F33DFF92D423CECD027B /* [CP] Check Pods Manifest.lock */,
				D2AAA8601DEE437F00EF9841 /* Sources */,
				D2AAA8611DEE437F00EF9841 /* Frameworks */,
				D2AAA8621DEE437F00EF9841 /* Resources */,
				549F2B071E8E6C861626BF6A /* [CP] Embed Pods Frameworks */,
				CF3ADBF2A711788B187A1CFD /* [CP] Copy Pods Resources */,
			);
			buildRules = (
			);
			dependencies = (
			);
			name = LiveWeatherApp;
			productName = LiveWeatherApp;
			productReference = D2AAA8641DEE437F00EF9841 /* LiveWeatherApp.app */;
			productType = "com.apple.product-type.application";
		};
/* End PBXNativeTarget section */

/* Begin PBXProject section */
		D2AAA85C1DEE437F00EF9841 /* Project object */ = {
			isa = PBXProject;
			attributes = {
				LastSwiftUpdateCheck = 0810;
				LastUpgradeCheck = 0810;
				ORGANIZATIONNAME = "Geoffrey Duong";
				TargetAttributes = {
					D2AAA8631DEE437F00EF9841 = {
						CreatedOnToolsVersion = 8.1;
						DevelopmentTeam = 957D6W54H9;
						ProvisioningStyle = Automatic;
					};
				};
			};
			buildConfigurationList = D2AAA85F1DEE437F00EF9841 /* Build configuration list for PBXProject "LiveWeatherApp" */;
			compatibilityVersion = "Xcode 3.2";
			developmentRegion = English;
			hasScannedForEncodings = 0;
			knownRegions = (
				en,
				Base,
			);
			mainGroup = D2AAA85B1DEE437F00EF9841;
			productRefGroup = D2AAA8651DEE437F00EF9841 /* Products */;
			projectDirPath = "";
			projectRoot = "";
			targets = (
				D2AAA8631DEE437F00EF9841 /* LiveWeatherApp */,
			);
		};
/* End PBXProject section */

/* Begin PBXResourcesBuildPhase section */
		D2AAA8621DEE437F00EF9841 /* Resources */ = {
			isa = PBXResourcesBuildPhase;
			buildActionMask = 2147483647;
			files = (
				D2AAA8721DEE437F00EF9841 /* LaunchScreen.storyboard in Resources */,
				D2AAA86F1DEE437F00EF9841 /* Assets.xcassets in Resources */,
				D2AAA86D1DEE437F00EF9841 /* Main.storyboard in Resources */,
			);
			runOnlyForDeploymentPostprocessing = 0;
		};
/* End PBXResourcesBuildPhase section */

/* Begin PBXShellScriptBuildPhase section */
		549F2B071E8E6C861626BF6A /* [CP] Embed Pods Frameworks */ = {
			isa = PBXShellScriptBuildPhase;
			buildActionMask = 2147483647;
			files = (
			);
			inputPaths = (
			);
			name = "[CP] Embed Pods Frameworks";
			outputPaths = (
			);
			runOnlyForDeploymentPostprocessing = 0;
			shellPath = /bin/sh;
			shellScript = "\"${SRCROOT}/Pods/Target Support Files/Pods-LiveWeatherApp/Pods-LiveWeatherApp-frameworks.sh\"\n";
			showEnvVarsInLog = 0;
		};
		C2C6F33DFF92D423CECD027B /* [CP] Check Pods Manifest.lock */ = {
			isa = PBXShellScriptBuildPhase;
			buildActionMask = 2147483647;
			files = (
			);
			inputPaths = (
			);
			name = "[CP] Check Pods Manifest.lock";
			outputPaths = (
			);
			runOnlyForDeploymentPostprocessing = 0;
			shellPath = /bin/sh;
			shellScript = "diff \"${PODS_ROOT}/../Podfile.lock\" \"${PODS_ROOT}/Manifest.lock\" > /dev/null\nif [ $? != 0 ] ; then\n    # print error to STDERR\n    echo \"error: The sandbox is not in sync with the Podfile.lock. Run 'pod install' or update your CocoaPods installation.\" >&2\n    exit 1\nfi\n";
			showEnvVarsInLog = 0;
		};
		CF3ADBF2A711788B187A1CFD /* [CP] Copy Pods Resources */ = {
			isa = PBXShellScriptBuildPhase;
			buildActionMask = 2147483647;
			files = (
			);
			inputPaths = (
			);
			name = "[CP] Copy Pods Resources";
			outputPaths = (
			);
			runOnlyForDeploymentPostprocessing = 0;
			shellPath = /bin/sh;
			shellScript = "\"${SRCROOT}/Pods/Target Support Files/Pods-LiveWeatherApp/Pods-LiveWeatherApp-resources.sh\"\n";
			showEnvVarsInLog = 0;
		};
/* End PBXShellScriptBuildPhase section */

/* Begin PBXSourcesBuildPhase section */
		D2AAA8601DEE437F00EF9841 /* Sources */ = {
			isa = PBXSourcesBuildPhase;
			buildActionMask = 2147483647;
			files = (
				D21BCBC61DF1E7F000033146 /* AddZipViewController.swift in Sources */,
				D21BCBC41DF1E05A00033146 /* WeatherViewCell.swift in Sources */,
				D2AAA86A1DEE437F00EF9841 /* ViewController.swift in Sources */,
				D2AAA8681DEE437F00EF9841 /* AppDelegate.swift in Sources */,
				D291BB961DFDF2D200817B74 /* WeatherDatabase.swift in Sources */,
			);
			runOnlyForDeploymentPostprocessing = 0;
		};
/* End PBXSourcesBuildPhase section */

/* Begin PBXVariantGroup section */
		D2AAA86B1DEE437F00EF9841 /* Main.storyboard */ = {
			isa = PBXVariantGroup;
			children = (
				D2AAA86C1DEE437F00EF9841 /* Base */,
			);
			name = Main.storyboard;
			sourceTree = "<group>";
		};
		D2AAA8701DEE437F00EF9841 /* LaunchScreen.storyboard */ = {
			isa = PBXVariantGroup;
			children = (
				D2AAA8711DEE437F00EF9841 /* Base */,
			);
			name = LaunchScreen.storyboard;
			sourceTree = "<group>";
		};
/* End PBXVariantGroup section */

/* Begin XCBuildConfiguration section */
		D2AAA8741DEE437F00EF9841 /* Debug */ = {
			isa = XCBuildConfiguration;
			buildSettings = {
				ALWAYS_SEARCH_USER_PATHS = NO;
				CLANG_ANALYZER_NONNULL = YES;
				CLANG_CXX_LANGUAGE_STANDARD = "gnu++0x";
				CLANG_CXX_LIBRARY = "libc++";
				CLANG_ENABLE_MODULES = YES;
				CLANG_ENABLE_OBJC_ARC = YES;
				CLANG_WARN_BOOL_CONVERSION = YES;
				CLANG_WARN_CONSTANT_CONVERSION = YES;
				CLANG_WARN_DIRECT_OBJC_ISA_USAGE = YES_ERROR;
				CLANG_WARN_DOCUMENTATION_COMMENTS = YES;
				CLANG_WARN_EMPTY_BODY = YES;
				CLANG_WARN_ENUM_CONVERSION = YES;
				CLANG_WARN_INFINITE_RECURSION = YES;
				CLANG_WARN_INT_CONVERSION = YES;
				CLANG_WARN_OBJC_ROOT_CLASS = YES_ERROR;
				CLANG_WARN_SUSPICIOUS_MOVES = YES;
				CLANG_WARN_UNREACHABLE_CODE = YES;
				CLANG_WARN__DUPLICATE_METHOD_MATCH = YES;
				"CODE_SIGN_IDENTITY[sdk=iphoneos*]" = "iPhone Developer";
				COPY_PHASE_STRIP = NO;
				DEBUG_INFORMATION_FORMAT = dwarf;
				ENABLE_STRICT_OBJC_MSGSEND = YES;
				ENABLE_TESTABILITY = YES;
				GCC_C_LANGUAGE_STANDARD = gnu99;
				GCC_DYNAMIC_NO_PIC = NO;
				GCC_NO_COMMON_BLOCKS = YES;
				GCC_OPTIMIZATION_LEVEL = 0;
				GCC_PREPROCESSOR_DEFINITIONS = (
					"DEBUG=1",
					"$(inherited)",
				);
				GCC_WARN_64_TO_32_BIT_CONVERSION = YES;
				GCC_WARN_ABOUT_RETURN_TYPE = YES_ERROR;
				GCC_WARN_UNDECLARED_SELECTOR = YES;
				GCC_WARN_UNINITIALIZED_AUTOS = YES_AGGRESSIVE;
				GCC_WARN_UNUSED_FUNCTION = YES;
				GCC_WARN_UNUSED_VARIABLE = YES;
				IPHONEOS_DEPLOYMENT_TARGET = 10.1;
				MTL_ENABLE_DEBUG_INFO = YES;
				ONLY_ACTIVE_ARCH = YES;
				SDKROOT = iphoneos;
				SWIFT_ACTIVE_COMPILATION_CONDITIONS = DEBUG;
				SWIFT_OPTIMIZATION_LEVEL = "-Onone";
				TARGETED_DEVICE_FAMILY = "1,2";
			};
			name = Debug;
		};
		D2AAA8751DEE437F00EF9841 /* Release */ = {
			isa = XCBuildConfiguration;
			buildSettings = {
				ALWAYS_SEARCH_USER_PATHS = NO;
				CLANG_ANALYZER_NONNULL = YES;
				CLANG_CXX_LANGUAGE_STANDARD = "gnu++0x";
				CLANG_CXX_LIBRARY = "libc++";
				CLANG_ENABLE_MODULES = YES;
				CLANG_ENABLE_OBJC_ARC = YES;
				CLANG_WARN_BOOL_CONVERSION = YES;
				CLANG_WARN_CONSTANT_CONVERSION = YES;
				CLANG_WARN_DIRECT_OBJC_ISA_USAGE = YES_ERROR;
				CLANG_WARN_DOCUMENTATION_COMMENTS = YES;
				CLANG_WARN_EMPTY_BODY = YES;
				CLANG_WARN_ENUM_CONVERSION = YES;
				CLANG_WARN_INFINITE_RECURSION = YES;
				CLANG_WARN_INT_CONVERSION = YES;
				CLANG_WARN_OBJC_ROOT_CLASS = YES_ERROR;
				CLANG_WARN_SUSPICIOUS_MOVES = YES;
				CLANG_WARN_UNREACHABLE_CODE = YES;
				CLANG_WARN__DUPLICATE_METHOD_MATCH = YES;
				"CODE_SIGN_IDENTITY[sdk=iphoneos*]" = "iPhone Developer";
				COPY_PHASE_STRIP = NO;
				DEBUG_INFORMATION_FORMAT = "dwarf-with-dsym";
				ENABLE_NS_ASSERTIONS = NO;
				ENABLE_STRICT_OBJC_MSGSEND = YES;
				GCC_C_LANGUAGE_STANDARD = gnu99;
				GCC_NO_COMMON_BLOCKS = YES;
				GCC_WARN_64_TO_32_BIT_CONVERSION = YES;
				GCC_WARN_ABOUT_RETURN_TYPE = YES_ERROR;
				GCC_WARN_UNDECLARED_SELECTOR = YES;
				GCC_WARN_UNINITIALIZED_AUTOS = YES_AGGRESSIVE;
				GCC_WARN_UNUSED_FUNCTION = YES;
				GCC_WARN_UNUSED_VARIABLE = YES;
				IPHONEOS_DEPLOYMENT_TARGET = 10.1;
				MTL_ENABLE_DEBUG_INFO = NO;
				SDKROOT = iphoneos;
				SWIFT_OPTIMIZATION_LEVEL = "-Owholemodule";
				TARGETED_DEVICE_FAMILY = "1,2";
				VALIDATE_PRODUCT = YES;
			};
			name = Release;
		};
		D2AAA8771DEE437F00EF9841 /* Debug */ = {
			isa = XCBuildConfiguration;
			baseConfigurationReference = BF890B1D65AB00CF8371ED34 /* Pods-LiveWeatherApp.debug.xcconfig */;
			buildSettings = {
				ASSETCATALOG_COMPILER_APPICON_NAME = AppIcon;
				DEVELOPMENT_TEAM = 957D6W54H9;
				INFOPLIST_FILE = LiveWeatherApp/Info.plist;
				LD_RUNPATH_SEARCH_PATHS = "$(inherited) @executable_path/Frameworks";
				PRODUCT_BUNDLE_IDENTIFIER = com.mrricearoni.geoffduong.LiveWeatherApp;
				PRODUCT_NAME = "$(TARGET_NAME)";
				SWIFT_VERSION = 3.0;
			};
			name = Debug;
		};
		D2AAA8781DEE437F00EF9841 /* Release */ = {
			isa = XCBuildConfiguration;
			baseConfigurationReference = 01BAAB5F2738AF669ABA319B /* Pods-LiveWeatherApp.release.xcconfig */;
			buildSettings = {
				ASSETCATALOG_COMPILER_APPICON_NAME = AppIcon;
				DEVELOPMENT_TEAM = 957D6W54H9;
				INFOPLIST_FILE = LiveWeatherApp/Info.plist;
				LD_RUNPATH_SEARCH_PATHS = "$(inherited) @executable_path/Frameworks";
				PRODUCT_BUNDLE_IDENTIFIER = com.mrricearoni.geoffduong.LiveWeatherApp;
				PRODUCT_NAME = "$(TARGET_NAME)";
				SWIFT_VERSION = 3.0;
			};
			name = Release;
		};
/* End XCBuildConfiguration section */

/* Begin XCConfigurationList section */
		D2AAA85F1DEE437F00EF9841 /* Build configuration list for PBXProject "LiveWeatherApp" */ = {
			isa = XCConfigurationList;
			buildConfigurations = (
				D2AAA8741DEE437F00EF9841 /* Debug */,
				D2AAA8751DEE437F00EF9841 /* Release */,
			);
			defaultConfigurationIsVisible = 0;
			defaultConfigurationName = Release;
		};
		D2AAA8761DEE437F00EF9841 /* Build configuration list for PBXNativeTarget "LiveWeatherApp" */ = {
			isa = XCConfigurationList;
			buildConfigurations = (
				D2AAA8771DEE437F00EF9841 /* Debug */,
				D2AAA8781DEE437F00EF9841 /* Release */,
			);
			defaultConfigurationIsVisible = 0;
			defaultConfigurationName = Release;
		};
/* End XCConfigurationList section */
	};
	rootObject = D2AAA85C1DEE437F00EF9841 /* Project object */;
}
